// !$*UTF8*$!
{
	archiveVersion = 1;
	classes = {
	};
	objectVersion = 48;
	objects = {

/* Begin PBXBuildFile section */
		7737C758203076D90052F6A2 /* ContainerViewController.swift in Sources */ = {isa = PBXBuildFile; fileRef = 7737C757203076D90052F6A2 /* ContainerViewController.swift */; };
		7737C75C203078340052F6A2 /* LinksViewController.swift in Sources */ = {isa = PBXBuildFile; fileRef = 7737C75B203078340052F6A2 /* LinksViewController.swift */; };
		7737C75E203078460052F6A2 /* DocsViewController.swift in Sources */ = {isa = PBXBuildFile; fileRef = 7737C75D203078460052F6A2 /* DocsViewController.swift */; };
		779A8D80202E282400CCFF26 /* AppDelegate.swift in Sources */ = {isa = PBXBuildFile; fileRef = 779A8D7F202E282400CCFF26 /* AppDelegate.swift */; };
		779A8D82202E282400CCFF26 /* ViewController.swift in Sources */ = {isa = PBXBuildFile; fileRef = 779A8D81202E282400CCFF26 /* ViewController.swift */; };
		779A8D85202E282400CCFF26 /* Main.storyboard in Resources */ = {isa = PBXBuildFile; fileRef = 779A8D83202E282400CCFF26 /* Main.storyboard */; };
		779A8D87202E282400CCFF26 /* Assets.xcassets in Resources */ = {isa = PBXBuildFile; fileRef = 779A8D86202E282400CCFF26 /* Assets.xcassets */; };
		779A8D8A202E282400CCFF26 /* LaunchScreen.storyboard in Resources */ = {isa = PBXBuildFile; fileRef = 779A8D88202E282400CCFF26 /* LaunchScreen.storyboard */; };
		77A4A4E6202E2F49000B73B3 /* CarouselViewController.swift in Sources */ = {isa = PBXBuildFile; fileRef = 77A4A4E5202E2F49000B73B3 /* CarouselViewController.swift */; };
		77A4A4E8202E2F87000B73B3 /* MediaViewController.swift in Sources */ = {isa = PBXBuildFile; fileRef = 77A4A4E7202E2F87000B73B3 /* MediaViewController.swift */; };
		77A4A4EA202E301C000B73B3 /* TableViewController.swift in Sources */ = {isa = PBXBuildFile; fileRef = 77A4A4E9202E301C000B73B3 /* TableViewController.swift */; };
		77A4A4EC202E53C6000B73B3 /* MediaCollectionViewCell.swift in Sources */ = {isa = PBXBuildFile; fileRef = 77A4A4EB202E53C6000B73B3 /* MediaCollectionViewCell.swift */; };
		77A4A4EE202E553C000B73B3 /* TableViewCell.swift in Sources */ = {isa = PBXBuildFile; fileRef = 77A4A4ED202E553C000B73B3 /* TableViewCell.swift */; };
		77A4A4F3202E676D000B73B3 /* CarouselCollectionViewCell.swift in Sources */ = {isa = PBXBuildFile; fileRef = 77A4A4F2202E676D000B73B3 /* CarouselCollectionViewCell.swift */; };
		77DF1E7E202E2A50003CFA75 /* PhotoBrowser.swift in Sources */ = {isa = PBXBuildFile; fileRef = 77DF1E7D202E2A50003CFA75 /* PhotoBrowser.swift */; };
		77F4CBDE202F0A7100DED9AF /* Item.swift in Sources */ = {isa = PBXBuildFile; fileRef = 77F4CBDD202F0A7000DED9AF /* Item.swift */; };
		77F4DE19202E2D99009A6BFA /* Default-568h@2x.png in Resources */ = {isa = PBXBuildFile; fileRef = 77F4DE18202E2D99009A6BFA /* Default-568h@2x.png */; };
/* End PBXBuildFile section */

/* Begin PBXFileReference section */
		7737C757203076D90052F6A2 /* ContainerViewController.swift */ = {isa = PBXFileReference; lastKnownFileType = sourcecode.swift; path = ContainerViewController.swift; sourceTree = "<group>"; };
		7737C75B203078340052F6A2 /* LinksViewController.swift */ = {isa = PBXFileReference; lastKnownFileType = sourcecode.swift; path = LinksViewController.swift; sourceTree = "<group>"; };
		7737C75D203078460052F6A2 /* DocsViewController.swift */ = {isa = PBXFileReference; lastKnownFileType = sourcecode.swift; path = DocsViewController.swift; sourceTree = "<group>"; };
		779A8D7C202E282400CCFF26 /* PhotoBrowser.app */ = {isa = PBXFileReference; explicitFileType = wrapper.application; includeInIndex = 0; path = PhotoBrowser.app; sourceTree = BUILT_PRODUCTS_DIR; };
		779A8D7F202E282400CCFF26 /* AppDelegate.swift */ = {isa = PBXFileReference; lastKnownFileType = sourcecode.swift; path = AppDelegate.swift; sourceTree = "<group>"; };
		779A8D81202E282400CCFF26 /* ViewController.swift */ = {isa = PBXFileReference; lastKnownFileType = sourcecode.swift; path = ViewController.swift; sourceTree = "<group>"; };
		779A8D84202E282400CCFF26 /* Base */ = {isa = PBXFileReference; lastKnownFileType = file.storyboard; name = Base; path = Base.lproj/Main.storyboard; sourceTree = "<group>"; };
		779A8D86202E282400CCFF26 /* Assets.xcassets */ = {isa = PBXFileReference; lastKnownFileType = folder.assetcatalog; path = Assets.xcassets; sourceTree = "<group>"; };
		779A8D89202E282400CCFF26 /* Base */ = {isa = PBXFileReference; lastKnownFileType = file.storyboard; name = Base; path = Base.lproj/LaunchScreen.storyboard; sourceTree = "<group>"; };
		779A8D8B202E282400CCFF26 /* Info.plist */ = {isa = PBXFileReference; lastKnownFileType = text.plist.xml; path = Info.plist; sourceTree = "<group>"; };
		77A4A4E5202E2F49000B73B3 /* CarouselViewController.swift */ = {isa = PBXFileReference; lastKnownFileType = sourcecode.swift; path = CarouselViewController.swift; sourceTree = "<group>"; };
		77A4A4E7202E2F87000B73B3 /* MediaViewController.swift */ = {isa = PBXFileReference; lastKnownFileType = sourcecode.swift; path = MediaViewController.swift; sourceTree = "<group>"; };
		77A4A4E9202E301C000B73B3 /* TableViewController.swift */ = {isa = PBXFileReference; lastKnownFileType = sourcecode.swift; path = TableViewController.swift; sourceTree = "<group>"; };
		77A4A4EB202E53C6000B73B3 /* MediaCollectionViewCell.swift */ = {isa = PBXFileReference; lastKnownFileType = sourcecode.swift; path = MediaCollectionViewCell.swift; sourceTree = "<group>"; };
		77A4A4ED202E553C000B73B3 /* TableViewCell.swift */ = {isa = PBXFileReference; lastKnownFileType = sourcecode.swift; path = TableViewCell.swift; sourceTree = "<group>"; };
		77A4A4F2202E676D000B73B3 /* CarouselCollectionViewCell.swift */ = {isa = PBXFileReference; explicitFileType = sourcecode.swift; path = CarouselCollectionViewCell.swift; sourceTree = "<group>"; };
		77DF1E7D202E2A50003CFA75 /* PhotoBrowser.swift */ = {isa = PBXFileReference; lastKnownFileType = sourcecode.swift; path = PhotoBrowser.swift; sourceTree = "<group>"; };
		77F4CBDD202F0A7000DED9AF /* Item.swift */ = {isa = PBXFileReference; lastKnownFileType = sourcecode.swift; path = Item.swift; sourceTree = "<group>"; };
		77F4DE18202E2D99009A6BFA /* Default-568h@2x.png */ = {isa = PBXFileReference; lastKnownFileType = image.png; path = "Default-568h@2x.png"; sourceTree = "<group>"; };
/* End PBXFileReference section */

/* Begin PBXFrameworksBuildPhase section */
		779A8D79202E282400CCFF26 /* Frameworks */ = {
			isa = PBXFrameworksBuildPhase;
			buildActionMask = 2147483647;
			files = (
			);
			runOnlyForDeploymentPostprocessing = 0;
		};
/* End PBXFrameworksBuildPhase section */

/* Begin PBXGroup section */
		7737C7562030758E0052F6A2 /* Container */ = {
			isa = PBXGroup;
			children = (
				7737C75A203078230052F6A2 /* Docs */,
				7737C7592030781D0052F6A2 /* Links */,
				77A4A4F0202E66C4000B73B3 /* Media */,
				7737C757203076D90052F6A2 /* ContainerViewController.swift */,
			);
			path = Container;
			sourceTree = "<group>";
		};
		7737C7592030781D0052F6A2 /* Links */ = {
			isa = PBXGroup;
			children = (
				7737C75B203078340052F6A2 /* LinksViewController.swift */,
			);
			path = Links;
			sourceTree = "<group>";
		};
		7737C75A203078230052F6A2 /* Docs */ = {
			isa = PBXGroup;
			children = (
				7737C75D203078460052F6A2 /* DocsViewController.swift */,
			);
			path = Docs;
			sourceTree = "<group>";
		};
		779A8D73202E282400CCFF26 = {
			isa = PBXGroup;
			children = (
				77F4DE18202E2D99009A6BFA /* Default-568h@2x.png */,
				779A8D7E202E282400CCFF26 /* PhotoBrowserExample */,
				779A8D7D202E282400CCFF26 /* Products */,
			);
			sourceTree = "<group>";
		};
		779A8D7D202E282400CCFF26 /* Products */ = {
			isa = PBXGroup;
			children = (
				779A8D7C202E282400CCFF26 /* PhotoBrowser.app */,
			);
			name = Products;
			sourceTree = "<group>";
		};
		779A8D7E202E282400CCFF26 /* PhotoBrowserExample */ = {
			isa = PBXGroup;
			children = (
				77DF1E7C202E29F5003CFA75 /* PhotoBrowser */,
				779A8D7F202E282400CCFF26 /* AppDelegate.swift */,
				779A8D81202E282400CCFF26 /* ViewController.swift */,
				779A8D83202E282400CCFF26 /* Main.storyboard */,
				779A8D86202E282400CCFF26 /* Assets.xcassets */,
				779A8D88202E282400CCFF26 /* LaunchScreen.storyboard */,
				779A8D8B202E282400CCFF26 /* Info.plist */,
			);
			path = PhotoBrowserExample;
			sourceTree = "<group>";
		};
		77A4A4EF202E669D000B73B3 /* Carousel */ = {
			isa = PBXGroup;
			children = (
				77A4A4E5202E2F49000B73B3 /* CarouselViewController.swift */,
				77A4A4F2202E676D000B73B3 /* CarouselCollectionViewCell.swift */,
			);
			path = Carousel;
			sourceTree = "<group>";
		};
		77A4A4F0202E66C4000B73B3 /* Media */ = {
			isa = PBXGroup;
			children = (
				77A4A4E7202E2F87000B73B3 /* MediaViewController.swift */,
				77A4A4EB202E53C6000B73B3 /* MediaCollectionViewCell.swift */,
			);
			path = Media;
			sourceTree = "<group>";
		};
		77A4A4F1202E66CE000B73B3 /* Table */ = {
			isa = PBXGroup;
			children = (
				77A4A4ED202E553C000B73B3 /* TableViewCell.swift */,
				77A4A4E9202E301C000B73B3 /* TableViewController.swift */,
			);
			path = Table;
			sourceTree = "<group>";
		};
		77DF1E7C202E29F5003CFA75 /* PhotoBrowser */ = {
			isa = PBXGroup;
			children = (
				7737C7562030758E0052F6A2 /* Container */,
				77A4A4F1202E66CE000B73B3 /* Table */,
				77A4A4EF202E669D000B73B3 /* Carousel */,
				77F4CBDC202F0A5C00DED9AF /* Item */,
				77DF1E7D202E2A50003CFA75 /* PhotoBrowser.swift */,
			);
			path = PhotoBrowser;
			sourceTree = "<group>";
		};
		77F4CBDC202F0A5C00DED9AF /* Item */ = {
			isa = PBXGroup;
			children = (
				77F4CBDD202F0A7000DED9AF /* Item.swift */,
			);
			path = Item;
			sourceTree = "<group>";
		};
/* End PBXGroup section */

/* Begin PBXNativeTarget section */
		779A8D7B202E282400CCFF26 /* PhotoBrowser */ = {
			isa = PBXNativeTarget;
			buildConfigurationList = 779A8D8E202E282400CCFF26 /* Build configuration list for PBXNativeTarget "PhotoBrowser" */;
			buildPhases = (
				779A8D78202E282400CCFF26 /* Sources */,
				779A8D79202E282400CCFF26 /* Frameworks */,
				779A8D7A202E282400CCFF26 /* Resources */,
			);
			buildRules = (
			);
			dependencies = (
			);
			name = PhotoBrowser;
			productName = PhotoBrowser;
			productReference = 779A8D7C202E282400CCFF26 /* PhotoBrowser.app */;
			productType = "com.apple.product-type.application";
		};
/* End PBXNativeTarget section */

/* Begin PBXProject section */
		779A8D74202E282400CCFF26 /* Project object */ = {
			isa = PBXProject;
			attributes = {
				LastSwiftUpdateCheck = 0920;
				LastUpgradeCheck = 0920;
				ORGANIZATIONNAME = AndrewPetrov;
				TargetAttributes = {
					779A8D7B202E282400CCFF26 = {
						CreatedOnToolsVersion = 9.2;
						ProvisioningStyle = Automatic;
					};
				};
			};
			buildConfigurationList = 779A8D77202E282400CCFF26 /* Build configuration list for PBXProject "PhotoBrowser" */;
			compatibilityVersion = "Xcode 8.0";
			developmentRegion = en;
			hasScannedForEncodings = 0;
			knownRegions = (
				en,
				Base,
			);
			mainGroup = 779A8D73202E282400CCFF26;
			productRefGroup = 779A8D7D202E282400CCFF26 /* Products */;
			projectDirPath = "";
			projectRoot = "";
			targets = (
				779A8D7B202E282400CCFF26 /* PhotoBrowser */,
			);
		};
/* End PBXProject section */

/* Begin PBXResourcesBuildPhase section */
		779A8D7A202E282400CCFF26 /* Resources */ = {
			isa = PBXResourcesBuildPhase;
			buildActionMask = 2147483647;
			files = (
				779A8D8A202E282400CCFF26 /* LaunchScreen.storyboard in Resources */,
				77F4DE19202E2D99009A6BFA /* Default-568h@2x.png in Resources */,
				779A8D87202E282400CCFF26 /* Assets.xcassets in Resources */,
				779A8D85202E282400CCFF26 /* Main.storyboard in Resources */,
			);
			runOnlyForDeploymentPostprocessing = 0;
		};
/* End PBXResourcesBuildPhase section */

/* Begin PBXSourcesBuildPhase section */
		779A8D78202E282400CCFF26 /* Sources */ = {
			isa = PBXSourcesBuildPhase;
			buildActionMask = 2147483647;
			files = (
				77F4CBDE202F0A7100DED9AF /* Item.swift in Sources */,
				77A4A4E6202E2F49000B73B3 /* CarouselViewController.swift in Sources */,
				77A4A4EE202E553C000B73B3 /* TableViewCell.swift in Sources */,
				7737C758203076D90052F6A2 /* ContainerViewController.swift in Sources */,
				77A4A4EA202E301C000B73B3 /* TableViewController.swift in Sources */,
				7737C75E203078460052F6A2 /* DocsViewController.swift in Sources */,
				77A4A4E8202E2F87000B73B3 /* MediaViewController.swift in Sources */,
				77A4A4F3202E676D000B73B3 /* CarouselCollectionViewCell.swift in Sources */,
				779A8D82202E282400CCFF26 /* ViewController.swift in Sources */,
				7737C75C203078340052F6A2 /* LinksViewController.swift in Sources */,
				77A4A4EC202E53C6000B73B3 /* MediaCollectionViewCell.swift in Sources */,
				779A8D80202E282400CCFF26 /* AppDelegate.swift in Sources */,
				77DF1E7E202E2A50003CFA75 /* PhotoBrowser.swift in Sources */,
			);
			runOnlyForDeploymentPostprocessing = 0;
		};
/* End PBXSourcesBuildPhase section */

/* Begin PBXVariantGroup section */
		779A8D83202E282400CCFF26 /* Main.storyboard */ = {
			isa = PBXVariantGroup;
			children = (
				779A8D84202E282400CCFF26 /* Base */,
			);
			name = Main.storyboard;
			sourceTree = "<group>";
		};
		779A8D88202E282400CCFF26 /* LaunchScreen.storyboard */ = {
			isa = PBXVariantGroup;
			children = (
				779A8D89202E282400CCFF26 /* Base */,
			);
			name = LaunchScreen.storyboard;
			sourceTree = "<group>";
		};
/* End PBXVariantGroup section */

/* Begin XCBuildConfiguration section */
		779A8D8C202E282400CCFF26 /* Debug */ = {
			isa = XCBuildConfiguration;
			buildSettings = {
				ALWAYS_SEARCH_USER_PATHS = NO;
				CLANG_ANALYZER_NONNULL = YES;
				CLANG_ANALYZER_NUMBER_OBJECT_CONVERSION = YES_AGGRESSIVE;
				CLANG_CXX_LANGUAGE_STANDARD = "gnu++14";
				CLANG_CXX_LIBRARY = "libc++";
				CLANG_ENABLE_MODULES = YES;
				CLANG_ENABLE_OBJC_ARC = YES;
				CLANG_WARN_BLOCK_CAPTURE_AUTORELEASING = YES;
				CLANG_WARN_BOOL_CONVERSION = YES;
				CLANG_WARN_COMMA = YES;
				CLANG_WARN_CONSTANT_CONVERSION = YES;
				CLANG_WARN_DIRECT_OBJC_ISA_USAGE = YES_ERROR;
				CLANG_WARN_DOCUMENTATION_COMMENTS = YES;
				CLANG_WARN_EMPTY_BODY = YES;
				CLANG_WARN_ENUM_CONVERSION = YES;
				CLANG_WARN_INFINITE_RECURSION = YES;
				CLANG_WARN_INT_CONVERSION = YES;
				CLANG_WARN_NON_LITERAL_NULL_CONVERSION = YES;
				CLANG_WARN_OBJC_LITERAL_CONVERSION = YES;
				CLANG_WARN_OBJC_ROOT_CLASS = YES_ERROR;
				CLANG_WARN_RANGE_LOOP_ANALYSIS = YES;
				CLANG_WARN_STRICT_PROTOTYPES = YES;
				CLANG_WARN_SUSPICIOUS_MOVE = YES;
				CLANG_WARN_UNGUARDED_AVAILABILITY = YES_AGGRESSIVE;
				CLANG_WARN_UNREACHABLE_CODE = YES;
				CLANG_WARN__DUPLICATE_METHOD_MATCH = YES;
				CODE_SIGN_IDENTITY = "iPhone Developer";
				COPY_PHASE_STRIP = NO;
				DEBUG_INFORMATION_FORMAT = dwarf;
				ENABLE_STRICT_OBJC_MSGSEND = YES;
				ENABLE_TESTABILITY = YES;
				GCC_C_LANGUAGE_STANDARD = gnu11;
				GCC_DYNAMIC_NO_PIC = NO;
				GCC_NO_COMMON_BLOCKS = YES;
				GCC_OPTIMIZATION_LEVEL = 0;
				GCC_PREPROCESSOR_DEFINITIONS = (
					"DEBUG=1",
					"$(inherited)",
				);
				GCC_WARN_64_TO_32_BIT_CONVERSION = YES;
				GCC_WARN_ABOUT_RETURN_TYPE = YES_ERROR;
				GCC_WARN_UNDECLARED_SELECTOR = YES;
				GCC_WARN_UNINITIALIZED_AUTOS = YES_AGGRESSIVE;
				GCC_WARN_UNUSED_FUNCTION = YES;
				GCC_WARN_UNUSED_VARIABLE = YES;
				IPHONEOS_DEPLOYMENT_TARGET = 11.2;
				MTL_ENABLE_DEBUG_INFO = YES;
				ONLY_ACTIVE_ARCH = YES;
				SDKROOT = iphoneos;
				SWIFT_ACTIVE_COMPILATION_CONDITIONS = DEBUG;
				SWIFT_OPTIMIZATION_LEVEL = "-Onone";
			};
			name = Debug;
		};
		779A8D8D202E282400CCFF26 /* Release */ = {
			isa = XCBuildConfiguration;
			buildSettings = {
				ALWAYS_SEARCH_USER_PATHS = NO;
				CLANG_ANALYZER_NONNULL = YES;
				CLANG_ANALYZER_NUMBER_OBJECT_CONVERSION = YES_AGGRESSIVE;
				CLANG_CXX_LANGUAGE_STANDARD = "gnu++14";
				CLANG_CXX_LIBRARY = "libc++";
				CLANG_ENABLE_MODULES = YES;
				CLANG_ENABLE_OBJC_ARC = YES;
				CLANG_WARN_BLOCK_CAPTURE_AUTORELEASING = YES;
				CLANG_WARN_BOOL_CONVERSION = YES;
				CLANG_WARN_COMMA = YES;
				CLANG_WARN_CONSTANT_CONVERSION = YES;
				CLANG_WARN_DIRECT_OBJC_ISA_USAGE = YES_ERROR;
				CLANG_WARN_DOCUMENTATION_COMMENTS = YES;
				CLANG_WARN_EMPTY_BODY = YES;
				CLANG_WARN_ENUM_CONVERSION = YES;
				CLANG_WARN_INFINITE_RECURSION = YES;
				CLANG_WARN_INT_CONVERSION = YES;
				CLANG_WARN_NON_LITERAL_NULL_CONVERSION = YES;
				CLANG_WARN_OBJC_LITERAL_CONVERSION = YES;
				CLANG_WARN_OBJC_ROOT_CLASS = YES_ERROR;
				CLANG_WARN_RANGE_LOOP_ANALYSIS = YES;
				CLANG_WARN_STRICT_PROTOTYPES = YES;
				CLANG_WARN_SUSPICIOUS_MOVE = YES;
				CLANG_WARN_UNGUARDED_AVAILABILITY = YES_AGGRESSIVE;
				CLANG_WARN_UNREACHABLE_CODE = YES;
				CLANG_WARN__DUPLICATE_METHOD_MATCH = YES;
				CODE_SIGN_IDENTITY = "iPhone Developer";
				COPY_PHASE_STRIP = NO;
				DEBUG_INFORMATION_FORMAT = "dwarf-with-dsym";
				ENABLE_NS_ASSERTIONS = NO;
				ENABLE_STRICT_OBJC_MSGSEND = YES;
				GCC_C_LANGUAGE_STANDARD = gnu11;
				GCC_NO_COMMON_BLOCKS = YES;
				GCC_WARN_64_TO_32_BIT_CONVERSION = YES;
				GCC_WARN_ABOUT_RETURN_TYPE = YES_ERROR;
				GCC_WARN_UNDECLARED_SELECTOR = YES;
				GCC_WARN_UNINITIALIZED_AUTOS = YES_AGGRESSIVE;
				GCC_WARN_UNUSED_FUNCTION = YES;
				GCC_WARN_UNUSED_VARIABLE = YES;
				IPHONEOS_DEPLOYMENT_TARGET = 11.2;
				MTL_ENABLE_DEBUG_INFO = NO;
				SDKROOT = iphoneos;
				SWIFT_OPTIMIZATION_LEVEL = "-Owholemodule";
				VALIDATE_PRODUCT = YES;
			};
			name = Release;
		};
		779A8D8F202E282400CCFF26 /* Debug */ = {
			isa = XCBuildConfiguration;
			buildSettings = {
				ASSETCATALOG_COMPILER_APPICON_NAME = AppIcon;
				"CODE_SIGN_IDENTITY[sdk=iphoneos*]" = "iPhone Developer";
				CODE_SIGN_STYLE = Automatic;
				DEVELOPMENT_TEAM = "";
				INFOPLIST_FILE = PhotoBrowserExample/Info.plist;
				IPHONEOS_DEPLOYMENT_TARGET = 10.0;
				LD_RUNPATH_SEARCH_PATHS = "$(inherited) @executable_path/Frameworks";
				PRODUCT_BUNDLE_IDENTIFIER = AndrewPetrov.PhotoBrowser;
				PRODUCT_NAME = "$(TARGET_NAME)";
				PROVISIONING_PROFILE = "";
				PROVISIONING_PROFILE_SPECIFIER = "";
				SWIFT_VERSION = 4.0;
				TARGETED_DEVICE_FAMILY = "1,2";
			};
			name = Debug;
		};
		779A8D90202E282400CCFF26 /* Release */ = {
			isa = XCBuildConfiguration;
			buildSettings = {
				ASSETCATALOG_COMPILER_APPICON_NAME = AppIcon;
				"CODE_SIGN_IDENTITY[sdk=iphoneos*]" = "iPhone Developer";
				CODE_SIGN_STYLE = Automatic;
				DEVELOPMENT_TEAM = "";
				INFOPLIST_FILE = PhotoBrowserExample/Info.plist;
				IPHONEOS_DEPLOYMENT_TARGET = 10.0;
				LD_RUNPATH_SEARCH_PATHS = "$(inherited) @executable_path/Frameworks";
				PRODUCT_BUNDLE_IDENTIFIER = AndrewPetrov.PhotoBrowser;
				PRODUCT_NAME = "$(TARGET_NAME)";
				PROVISIONING_PROFILE_SPECIFIER = "";
				SWIFT_VERSION = 4.0;
				TARGETED_DEVICE_FAMILY = "1,2";
			};
			name = Release;
		};
/* End XCBuildConfiguration section */

/* Begin XCConfigurationList section */
		779A8D77202E282400CCFF26 /* Build configuration list for PBXProject "PhotoBrowser" */ = {
			isa = XCConfigurationList;
			buildConfigurations = (
				779A8D8C202E282400CCFF26 /* Debug */,
				779A8D8D202E282400CCFF26 /* Release */,
			);
			defaultConfigurationIsVisible = 0;
			defaultConfigurationName = Release;
		};
		779A8D8E202E282400CCFF26 /* Build configuration list for PBXNativeTarget "PhotoBrowser" */ = {
			isa = XCConfigurationList;
			buildConfigurations = (
				779A8D8F202E282400CCFF26 /* Debug */,
				779A8D90202E282400CCFF26 /* Release */,
			);
			defaultConfigurationIsVisible = 0;
			defaultConfigurationName = Release;
		};
/* End XCConfigurationList section */
	};
	rootObject = 779A8D74202E282400CCFF26 /* Project object */;
}
